
Microsoft Visual Studio Solution File, Format Version 12.00
# Visual Studio 2013
VisualStudioVersion = 12.0.30501.0
MinimumVisualStudioVersion = 10.0.40219.1
Project("{FAE04EC0-301F-11D3-BF4B-00C04F79EFBC}") = "Tests", "Tests\Tests.csproj", "{DCD1ECB9-E242-4CE6-AE88-DF7EA50B51FE}"
EndProject
Project("{FAE04EC0-301F-11D3-BF4B-00C04F79EFBC}") = "Planer", "Planer\Planer.csproj", "{A4638F58-C521-4F53-8153-EEB344E527D7}"
EndProject
Global
	GlobalSection(SolutionConfigurationPlatforms) = preSolution
		Debug|Any CPU = Debug|Any CPU
		Release|Any CPU = Release|Any CPU
	EndGlobalSection
	GlobalSection(ProjectConfigurationPlatforms) = postSolution
		{DCD1ECB9-E242-4CE6-AE88-DF7EA50B51FE}.Debug|Any CPU.ActiveCfg = Debug|Any CPU
		{DCD1ECB9-E242-4CE6-AE88-DF7EA50B51FE}.Debug|Any CPU.Build.0 = Debug|Any CPU
		{DCD1ECB9-E242-4CE6-AE88-DF7EA50B51FE}.Release|Any CPU.ActiveCfg = Release|Any CPU
		{DCD1ECB9-E242-4CE6-AE88-DF7EA50B51FE}.Release|Any CPU.Build.0 = Release|Any CPU
		{A4638F58-C521-4F53-8153-EEB344E527D7}.Debug|Any CPU.ActiveCfg = Debug|Any CPU
		{A4638F58-C521-4F53-8153-EEB344E527D7}.Debug|Any CPU.Build.0 = Debug|Any CPU
		{A4638F58-C521-4F53-8153-EEB344E527D7}.Release|Any CPU.ActiveCfg = Release|Any CPU
		{A4638F58-C521-4F53-8153-EEB344E527D7}.Release|Any CPU.Build.0 = Release|Any CPU
	EndGlobalSection
	GlobalSection(SolutionProperties) = preSolution
		HideSolutionNode = FALSE
	EndGlobalSection
EndGlobal
